
Microsoft Visual Studio Solution File, Format Version 12.00
# Visual Studio Version 16
VisualStudioVersion = 16.0.30717.126
MinimumVisualStudioVersion = 10.0.40219.1
Project("{FAE04EC0-301F-11D3-BF4B-00C04F79EFBC}") = "DSTBinTool", "DSTBinTool.csproj", "{9E4F2B8E-2203-46C4-883F-53E804DF9EAE}"
EndProject
Global
	GlobalSection(SolutionConfigurationPlatforms) = preSolution
		Debug|Any CPU = Debug|Any CPU
		Release|Any CPU = Release|Any CPU
	EndGlobalSection
	GlobalSection(ProjectConfigurationPlatforms) = postSolution
		{9E4F2B8E-2203-46C4-883F-53E804DF9EAE}.Debug|Any CPU.ActiveCfg = Debug|Any CPU
		{9E4F2B8E-2203-46C4-883F-53E804DF9EAE}.Debug|Any CPU.Build.0 = Debug|Any CPU
		{9E4F2B8E-2203-46C4-883F-53E804DF9EAE}.Release|Any CPU.ActiveCfg = Release|Any CPU
		{9E4F2B8E-2203-46C4-883F-53E804DF9EAE}.Release|Any CPU.Build.0 = Release|Any CPU
	EndGlobalSection
	GlobalSection(SolutionProperties) = preSolution
		HideSolutionNode = FALSE
	EndGlobalSection
	GlobalSection(ExtensibilityGlobals) = postSolution
		SolutionGuid = {2D0B7679-C657-4119-9A55-DFA968FFFE7B}
	EndGlobalSection
EndGlobal
